
Microsoft Visual Studio Solution File, Format Version 12.00
# Visual Studio Version 16
VisualStudioVersion = 16.0.30804.86
MinimumVisualStudioVersion = 10.0.40219.1
Project("{FAE04EC0-301F-11D3-BF4B-00C04F79EFBC}") = "Odev20.01", "Odev20.01\Odev20.01.csproj", "{D3CEB4B8-C7D9-4542-8718-801A37D525ED}"
EndProject
Global
	GlobalSection(SolutionConfigurationPlatforms) = preSolution
		Debug|Any CPU = Debug|Any CPU
		Release|Any CPU = Release|Any CPU
	EndGlobalSection
	GlobalSection(ProjectConfigurationPlatforms) = postSolution
		{D3CEB4B8-C7D9-4542-8718-801A37D525ED}.Debug|Any CPU.ActiveCfg = Debug|Any CPU
		{D3CEB4B8-C7D9-4542-8718-801A37D525ED}.Debug|Any CPU.Build.0 = Debug|Any CPU
		{D3CEB4B8-C7D9-4542-8718-801A37D525ED}.Release|Any CPU.ActiveCfg = Release|Any CPU
		{D3CEB4B8-C7D9-4542-8718-801A37D525ED}.Release|Any CPU.Build.0 = Release|Any CPU
	EndGlobalSection
	GlobalSection(SolutionProperties) = preSolution
		HideSolutionNode = FALSE
	EndGlobalSection
	GlobalSection(ExtensibilityGlobals) = postSolution
		SolutionGuid = {6F423A8F-A327-4BBA-9BAE-2C28AA6AF5D1}
	EndGlobalSection
EndGlobal
